// !$*UTF8*$!
{
	archiveVersion = 1;
	classes = {
	};
	objectVersion = 55;
	objects = {

/* Begin PBXBuildFile section */
		24D4E2E428892C9700333202 /* SearchViewController.swift in Sources */ = {isa = PBXBuildFile; fileRef = 24D4E2E328892C9700333202 /* SearchViewController.swift */; };
		24D4E2E628892C9D00333202 /* DetailViewController.swift in Sources */ = {isa = PBXBuildFile; fileRef = 24D4E2E528892C9D00333202 /* DetailViewController.swift */; };
		24D4E2E828892ECB00333202 /* WebViewController.swift in Sources */ = {isa = PBXBuildFile; fileRef = 24D4E2E728892ECB00333202 /* WebViewController.swift */; };
		24F7711D2888089B007A7D4F /* AppDelegate.swift in Sources */ = {isa = PBXBuildFile; fileRef = 24F7711C2888089B007A7D4F /* AppDelegate.swift */; };
		24F7711F2888089B007A7D4F /* SceneDelegate.swift in Sources */ = {isa = PBXBuildFile; fileRef = 24F7711E2888089B007A7D4F /* SceneDelegate.swift */; };
		24F771242888089B007A7D4F /* Main.storyboard in Resources */ = {isa = PBXBuildFile; fileRef = 24F771222888089B007A7D4F /* Main.storyboard */; };
		24F771262888089D007A7D4F /* Assets.xcassets in Resources */ = {isa = PBXBuildFile; fileRef = 24F771252888089D007A7D4F /* Assets.xcassets */; };
		24F771292888089D007A7D4F /* LaunchScreen.storyboard in Resources */ = {isa = PBXBuildFile; fileRef = 24F771272888089D007A7D4F /* LaunchScreen.storyboard */; };
		24F77131288808C9007A7D4F /* BookCollectionViewController.swift in Sources */ = {isa = PBXBuildFile; fileRef = 24F77130288808C9007A7D4F /* BookCollectionViewController.swift */; };
		24F7713328880936007A7D4F /* MovieInfo.swift in Sources */ = {isa = PBXBuildFile; fileRef = 24F7713228880935007A7D4F /* MovieInfo.swift */; };
		24F77135288809AD007A7D4F /* BookCollectionViewCell.swift in Sources */ = {isa = PBXBuildFile; fileRef = 24F77134288809AD007A7D4F /* BookCollectionViewCell.swift */; };
		24F7713A28880E31007A7D4F /* Kingfisher in Frameworks */ = {isa = PBXBuildFile; productRef = 24F7713928880E31007A7D4F /* Kingfisher */; };
/* End PBXBuildFile section */

/* Begin PBXFileReference section */
		24D4E2E328892C9700333202 /* SearchViewController.swift */ = {isa = PBXFileReference; lastKnownFileType = sourcecode.swift; path = SearchViewController.swift; sourceTree = "<group>"; };
		24D4E2E528892C9D00333202 /* DetailViewController.swift */ = {isa = PBXFileReference; lastKnownFileType = sourcecode.swift; path = DetailViewController.swift; sourceTree = "<group>"; };
		24D4E2E728892ECB00333202 /* WebViewController.swift */ = {isa = PBXFileReference; lastKnownFileType = sourcecode.swift; path = WebViewController.swift; sourceTree = "<group>"; };
		24F771192888089B007A7D4F /* sesac_Book.app */ = {isa = PBXFileReference; explicitFileType = wrapper.application; includeInIndex = 0; path = sesac_Book.app; sourceTree = BUILT_PRODUCTS_DIR; };
		24F7711C2888089B007A7D4F /* AppDelegate.swift */ = {isa = PBXFileReference; lastKnownFileType = sourcecode.swift; path = AppDelegate.swift; sourceTree = "<group>"; };
		24F7711E2888089B007A7D4F /* SceneDelegate.swift */ = {isa = PBXFileReference; lastKnownFileType = sourcecode.swift; path = SceneDelegate.swift; sourceTree = "<group>"; };
		24F771232888089B007A7D4F /* Base */ = {isa = PBXFileReference; lastKnownFileType = file.storyboard; name = Base; path = Base.lproj/Main.storyboard; sourceTree = "<group>"; };
		24F771252888089D007A7D4F /* Assets.xcassets */ = {isa = PBXFileReference; lastKnownFileType = folder.assetcatalog; path = Assets.xcassets; sourceTree = "<group>"; };
		24F771282888089D007A7D4F /* Base */ = {isa = PBXFileReference; lastKnownFileType = file.storyboard; name = Base; path = Base.lproj/LaunchScreen.storyboard; sourceTree = "<group>"; };
		24F7712A2888089D007A7D4F /* Info.plist */ = {isa = PBXFileReference; lastKnownFileType = text.plist.xml; path = Info.plist; sourceTree = "<group>"; };
		24F77130288808C9007A7D4F /* BookCollectionViewController.swift */ = {isa = PBXFileReference; lastKnownFileType = sourcecode.swift; path = BookCollectionViewController.swift; sourceTree = "<group>"; };
		24F7713228880935007A7D4F /* MovieInfo.swift */ = {isa = PBXFileReference; fileEncoding = 4; lastKnownFileType = sourcecode.swift; path = MovieInfo.swift; sourceTree = "<group>"; };
		24F77134288809AD007A7D4F /* BookCollectionViewCell.swift */ = {isa = PBXFileReference; lastKnownFileType = sourcecode.swift; path = BookCollectionViewCell.swift; sourceTree = "<group>"; };
/* End PBXFileReference section */

/* Begin PBXFrameworksBuildPhase section */
		24F771162888089B007A7D4F /* Frameworks */ = {
			isa = PBXFrameworksBuildPhase;
			buildActionMask = 2147483647;
			files = (
				24F7713A28880E31007A7D4F /* Kingfisher in Frameworks */,
			);
			runOnlyForDeploymentPostprocessing = 0;
		};
/* End PBXFrameworksBuildPhase section */

/* Begin PBXGroup section */
		24F771102888089B007A7D4F = {
			isa = PBXGroup;
			children = (
				24F7711B2888089B007A7D4F /* sesac_Book */,
				24F7711A2888089B007A7D4F /* Products */,
			);
			sourceTree = "<group>";
		};
		24F7711A2888089B007A7D4F /* Products */ = {
			isa = PBXGroup;
			children = (
				24F771192888089B007A7D4F /* sesac_Book.app */,
			);
			name = Products;
			sourceTree = "<group>";
		};
		24F7711B2888089B007A7D4F /* sesac_Book */ = {
			isa = PBXGroup;
			children = (
				24F7711C2888089B007A7D4F /* AppDelegate.swift */,
				24F7711E2888089B007A7D4F /* SceneDelegate.swift */,
				24F77130288808C9007A7D4F /* BookCollectionViewController.swift */,
				24F77134288809AD007A7D4F /* BookCollectionViewCell.swift */,
				24D4E2E328892C9700333202 /* SearchViewController.swift */,
				24D4E2E528892C9D00333202 /* DetailViewController.swift */,
				24D4E2E728892ECB00333202 /* WebViewController.swift */,
				24F7713228880935007A7D4F /* MovieInfo.swift */,
				24F771222888089B007A7D4F /* Main.storyboard */,
				24F771252888089D007A7D4F /* Assets.xcassets */,
				24F771272888089D007A7D4F /* LaunchScreen.storyboard */,
				24F7712A2888089D007A7D4F /* Info.plist */,
			);
			path = sesac_Book;
			sourceTree = "<group>";
		};
/* End PBXGroup section */

/* Begin PBXNativeTarget section */
		24F771182888089B007A7D4F /* sesac_Book */ = {
			isa = PBXNativeTarget;
			buildConfigurationList = 24F7712D2888089D007A7D4F /* Build configuration list for PBXNativeTarget "sesac_Book" */;
			buildPhases = (
				24F771152888089B007A7D4F /* Sources */,
				24F771162888089B007A7D4F /* Frameworks */,
				24F771172888089B007A7D4F /* Resources */,
			);
			buildRules = (
			);
			dependencies = (
			);
			name = sesac_Book;
			packageProductDependencies = (
				24F7713928880E31007A7D4F /* Kingfisher */,
			);
			productName = sesac_Book;
			productReference = 24F771192888089B007A7D4F /* sesac_Book.app */;
			productType = "com.apple.product-type.application";
		};
/* End PBXNativeTarget section */

/* Begin PBXProject section */
		24F771112888089B007A7D4F /* Project object */ = {
			isa = PBXProject;
			attributes = {
				BuildIndependentTargetsInParallel = 1;
				LastSwiftUpdateCheck = 1330;
				LastUpgradeCheck = 1330;
				TargetAttributes = {
					24F771182888089B007A7D4F = {
						CreatedOnToolsVersion = 13.3.1;
					};
				};
			};
			buildConfigurationList = 24F771142888089B007A7D4F /* Build configuration list for PBXProject "sesac_Book" */;
			compatibilityVersion = "Xcode 13.0";
			developmentRegion = en;
			hasScannedForEncodings = 0;
			knownRegions = (
				en,
				Base,
			);
			mainGroup = 24F771102888089B007A7D4F;
			packageReferences = (
				24F7713828880E31007A7D4F /* XCRemoteSwiftPackageReference "Kingfisher" */,
			);
			productRefGroup = 24F7711A2888089B007A7D4F /* Products */;
			projectDirPath = "";
			projectRoot = "";
			targets = (
				24F771182888089B007A7D4F /* sesac_Book */,
			);
		};
/* End PBXProject section */

/* Begin PBXResourcesBuildPhase section */
		24F771172888089B007A7D4F /* Resources */ = {
			isa = PBXResourcesBuildPhase;
			buildActionMask = 2147483647;
			files = (
				24F771292888089D007A7D4F /* LaunchScreen.storyboard in Resources */,
				24F771262888089D007A7D4F /* Assets.xcassets in Resources */,
				24F771242888089B007A7D4F /* Main.storyboard in Resources */,
			);
			runOnlyForDeploymentPostprocessing = 0;
		};
/* End PBXResourcesBuildPhase section */

/* Begin PBXSourcesBuildPhase section */
		24F771152888089B007A7D4F /* Sources */ = {
			isa = PBXSourcesBuildPhase;
			buildActionMask = 2147483647;
			files = (
				24D4E2E428892C9700333202 /* SearchViewController.swift in Sources */,
				24F7711D2888089B007A7D4F /* AppDelegate.swift in Sources */,
				24F7711F2888089B007A7D4F /* SceneDelegate.swift in Sources */,
				24F7713328880936007A7D4F /* MovieInfo.swift in Sources */,
				24F77135288809AD007A7D4F /* BookCollectionViewCell.swift in Sources */,
				24F77131288808C9007A7D4F /* BookCollectionViewController.swift in Sources */,
				24D4E2E628892C9D00333202 /* DetailViewController.swift in Sources */,
				24D4E2E828892ECB00333202 /* WebViewController.swift in Sources */,
			);
			runOnlyForDeploymentPostprocessing = 0;
		};
/* End PBXSourcesBuildPhase section */

/* Begin PBXVariantGroup section */
		24F771222888089B007A7D4F /* Main.storyboard */ = {
			isa = PBXVariantGroup;
			children = (
				24F771232888089B007A7D4F /* Base */,
			);
			name = Main.storyboard;
			sourceTree = "<group>";
		};
		24F771272888089D007A7D4F /* LaunchScreen.storyboard */ = {
			isa = PBXVariantGroup;
			children = (
				24F771282888089D007A7D4F /* Base */,
			);
			name = LaunchScreen.storyboard;
			sourceTree = "<group>";
		};
/* End PBXVariantGroup section */

/* Begin XCBuildConfiguration section */
		24F7712B2888089D007A7D4F /* Debug */ = {
			isa = XCBuildConfiguration;
			buildSettings = {
				ALWAYS_SEARCH_USER_PATHS = NO;
				CLANG_ANALYZER_NONNULL = YES;
				CLANG_ANALYZER_NUMBER_OBJECT_CONVERSION = YES_AGGRESSIVE;
				CLANG_CXX_LANGUAGE_STANDARD = "gnu++17";
				CLANG_ENABLE_MODULES = YES;
				CLANG_ENABLE_OBJC_ARC = YES;
				CLANG_ENABLE_OBJC_WEAK = YES;
				CLANG_WARN_BLOCK_CAPTURE_AUTORELEASING = YES;
				CLANG_WARN_BOOL_CONVERSION = YES;
				CLANG_WARN_COMMA = YES;
				CLANG_WARN_CONSTANT_CONVERSION = YES;
				CLANG_WARN_DEPRECATED_OBJC_IMPLEMENTATIONS = YES;
				CLANG_WARN_DIRECT_OBJC_ISA_USAGE = YES_ERROR;
				CLANG_WARN_DOCUMENTATION_COMMENTS = YES;
				CLANG_WARN_EMPTY_BODY = YES;
				CLANG_WARN_ENUM_CONVERSION = YES;
				CLANG_WARN_INFINITE_RECURSION = YES;
				CLANG_WARN_INT_CONVERSION = YES;
				CLANG_WARN_NON_LITERAL_NULL_CONVERSION = YES;
				CLANG_WARN_OBJC_IMPLICIT_RETAIN_SELF = YES;
				CLANG_WARN_OBJC_LITERAL_CONVERSION = YES;
				CLANG_WARN_OBJC_ROOT_CLASS = YES_ERROR;
				CLANG_WARN_QUOTED_INCLUDE_IN_FRAMEWORK_HEADER = YES;
				CLANG_WARN_RANGE_LOOP_ANALYSIS = YES;
				CLANG_WARN_STRICT_PROTOTYPES = YES;
				CLANG_WARN_SUSPICIOUS_MOVE = YES;
				CLANG_WARN_UNGUARDED_AVAILABILITY = YES_AGGRESSIVE;
				CLANG_WARN_UNREACHABLE_CODE = YES;
				CLANG_WARN__DUPLICATE_METHOD_MATCH = YES;
				COPY_PHASE_STRIP = NO;
				DEBUG_INFORMATION_FORMAT = dwarf;
				ENABLE_STRICT_OBJC_MSGSEND = YES;
				ENABLE_TESTABILITY = YES;
				GCC_C_LANGUAGE_STANDARD = gnu11;
				GCC_DYNAMIC_NO_PIC = NO;
				GCC_NO_COMMON_BLOCKS = YES;
				GCC_OPTIMIZATION_LEVEL = 0;
				GCC_PREPROCESSOR_DEFINITIONS = (
					"DEBUG=1",
					"$(inherited)",
				);
				GCC_WARN_64_TO_32_BIT_CONVERSION = YES;
				GCC_WARN_ABOUT_RETURN_TYPE = YES_ERROR;
				GCC_WARN_UNDECLARED_SELECTOR = YES;
				GCC_WARN_UNINITIALIZED_AUTOS = YES_AGGRESSIVE;
				GCC_WARN_UNUSED_FUNCTION = YES;
				GCC_WARN_UNUSED_VARIABLE = YES;
				IPHONEOS_DEPLOYMENT_TARGET = 15.4;
				MTL_ENABLE_DEBUG_INFO = INCLUDE_SOURCE;
				MTL_FAST_MATH = YES;
				ONLY_ACTIVE_ARCH = YES;
				SDKROOT = iphoneos;
				SWIFT_ACTIVE_COMPILATION_CONDITIONS = DEBUG;
				SWIFT_OPTIMIZATION_LEVEL = "-Onone";
			};
			name = Debug;
		};
		24F7712C2888089D007A7D4F /* Release */ = {
			isa = XCBuildConfiguration;
			buildSettings = {
				ALWAYS_SEARCH_USER_PATHS = NO;
				CLANG_ANALYZER_NONNULL = YES;
				CLANG_ANALYZER_NUMBER_OBJECT_CONVERSION = YES_AGGRESSIVE;
				CLANG_CXX_LANGUAGE_STANDARD = "gnu++17";
				CLANG_ENABLE_MODULES = YES;
				CLANG_ENABLE_OBJC_ARC = YES;
				CLANG_ENABLE_OBJC_WEAK = YES;
				CLANG_WARN_BLOCK_CAPTURE_AUTORELEASING = YES;
				CLANG_WARN_BOOL_CONVERSION = YES;
				CLANG_WARN_COMMA = YES;
				CLANG_WARN_CONSTANT_CONVERSION = YES;
				CLANG_WARN_DEPRECATED_OBJC_IMPLEMENTATIONS = YES;
				CLANG_WARN_DIRECT_OBJC_ISA_USAGE = YES_ERROR;
				CLANG_WARN_DOCUMENTATION_COMMENTS = YES;
				CLANG_WARN_EMPTY_BODY = YES;
				CLANG_WARN_ENUM_CONVERSION = YES;
				CLANG_WARN_INFINITE_RECURSION = YES;
				CLANG_WARN_INT_CONVERSION = YES;
				CLANG_WARN_NON_LITERAL_NULL_CONVERSION = YES;
				CLANG_WARN_OBJC_IMPLICIT_RETAIN_SELF = YES;
				CLANG_WARN_OBJC_LITERAL_CONVERSION = YES;
				CLANG_WARN_OBJC_ROOT_CLASS = YES_ERROR;
				CLANG_WARN_QUOTED_INCLUDE_IN_FRAMEWORK_HEADER = YES;
				CLANG_WARN_RANGE_LOOP_ANALYSIS = YES;
				CLANG_WARN_STRICT_PROTOTYPES = YES;
				CLANG_WARN_SUSPICIOUS_MOVE = YES;
				CLANG_WARN_UNGUARDED_AVAILABILITY = YES_AGGRESSIVE;
				CLANG_WARN_UNREACHABLE_CODE = YES;
				CLANG_WARN__DUPLICATE_METHOD_MATCH = YES;
				COPY_PHASE_STRIP = NO;
				DEBUG_INFORMATION_FORMAT = "dwarf-with-dsym";
				ENABLE_NS_ASSERTIONS = NO;
				ENABLE_STRICT_OBJC_MSGSEND = YES;
				GCC_C_LANGUAGE_STANDARD = gnu11;
				GCC_NO_COMMON_BLOCKS = YES;
				GCC_WARN_64_TO_32_BIT_CONVERSION = YES;
				GCC_WARN_ABOUT_RETURN_TYPE = YES_ERROR;
				GCC_WARN_UNDECLARED_SELECTOR = YES;
				GCC_WARN_UNINITIALIZED_AUTOS = YES_AGGRESSIVE;
				GCC_WARN_UNUSED_FUNCTION = YES;
				GCC_WARN_UNUSED_VARIABLE = YES;
				IPHONEOS_DEPLOYMENT_TARGET = 15.4;
				MTL_ENABLE_DEBUG_INFO = NO;
				MTL_FAST_MATH = YES;
				SDKROOT = iphoneos;
				SWIFT_COMPILATION_MODE = wholemodule;
				SWIFT_OPTIMIZATION_LEVEL = "-O";
				VALIDATE_PRODUCT = YES;
			};
			name = Release;
		};
		24F7712E2888089D007A7D4F /* Debug */ = {
			isa = XCBuildConfiguration;
			buildSettings = {
				ASSETCATALOG_COMPILER_APPICON_NAME = AppIcon;
				ASSETCATALOG_COMPILER_GLOBAL_ACCENT_COLOR_NAME = AccentColor;
				CODE_SIGN_STYLE = Automatic;
				CURRENT_PROJECT_VERSION = 1;
				DEVELOPMENT_TEAM = GZCWDPJJ9Z;
				GENERATE_INFOPLIST_FILE = YES;
				INFOPLIST_FILE = sesac_Book/Info.plist;
				INFOPLIST_KEY_UIApplicationSupportsIndirectInputEvents = YES;
				INFOPLIST_KEY_UILaunchStoryboardName = LaunchScreen;
				INFOPLIST_KEY_UIMainStoryboardFile = Main;
				INFOPLIST_KEY_UISupportedInterfaceOrientations_iPad = "UIInterfaceOrientationPortrait UIInterfaceOrientationPortraitUpsideDown UIInterfaceOrientationLandscapeLeft UIInterfaceOrientationLandscapeRight";
				INFOPLIST_KEY_UISupportedInterfaceOrientations_iPhone = "UIInterfaceOrientationPortrait UIInterfaceOrientationLandscapeLeft UIInterfaceOrientationLandscapeRight";
				LD_RUNPATH_SEARCH_PATHS = (
					"$(inherited)",
					"@executable_path/Frameworks",
				);
				MARKETING_VERSION = 1.0;
				PRODUCT_BUNDLE_IDENTIFIER = "com.minseong.sesac-Book";
				PRODUCT_NAME = "$(TARGET_NAME)";
				SWIFT_EMIT_LOC_STRINGS = YES;
				SWIFT_VERSION = 5.0;
				TARGETED_DEVICE_FAMILY = "1,2";
			};
			name = Debug;
		};
		24F7712F2888089D007A7D4F /* Release */ = {
			isa = XCBuildConfiguration;
			buildSettings = {
				ASSETCATALOG_COMPILER_APPICON_NAME = AppIcon;
				ASSETCATALOG_COMPILER_GLOBAL_ACCENT_COLOR_NAME = AccentColor;
				CODE_SIGN_STYLE = Automatic;
				CURRENT_PROJECT_VERSION = 1;
				DEVELOPMENT_TEAM = GZCWDPJJ9Z;
				GENERATE_INFOPLIST_FILE = YES;
				INFOPLIST_FILE = sesac_Book/Info.plist;
				INFOPLIST_KEY_UIApplicationSupportsIndirectInputEvents = YES;
				INFOPLIST_KEY_UILaunchStoryboardName = LaunchScreen;
				INFOPLIST_KEY_UIMainStoryboardFile = Main;
				INFOPLIST_KEY_UISupportedInterfaceOrientations_iPad = "UIInterfaceOrientationPortrait UIInterfaceOrientationPortraitUpsideDown UIInterfaceOrientationLandscapeLeft UIInterfaceOrientationLandscapeRight";
				INFOPLIST_KEY_UISupportedInterfaceOrientations_iPhone = "UIInterfaceOrientationPortrait UIInterfaceOrientationLandscapeLeft UIInterfaceOrientationLandscapeRight";
				LD_RUNPATH_SEARCH_PATHS = (
					"$(inherited)",
					"@executable_path/Frameworks",
				);
				MARKETING_VERSION = 1.0;
				PRODUCT_BUNDLE_IDENTIFIER = "com.minseong.sesac-Book";
				PRODUCT_NAME = "$(TARGET_NAME)";
				SWIFT_EMIT_LOC_STRINGS = YES;
				SWIFT_VERSION = 5.0;
				TARGETED_DEVICE_FAMILY = "1,2";
			};
			name = Release;
		};
/* End XCBuildConfiguration section */

/* Begin XCConfigurationList section */
		24F771142888089B007A7D4F /* Build configuration list for PBXProject "sesac_Book" */ = {
			isa = XCConfigurationList;
			buildConfigurations = (
				24F7712B2888089D007A7D4F /* Debug */,
				24F7712C2888089D007A7D4F /* Release */,
			);
			defaultConfigurationIsVisible = 0;
			defaultConfigurationName = Release;
		};
		24F7712D2888089D007A7D4F /* Build configuration list for PBXNativeTarget "sesac_Book" */ = {
			isa = XCConfigurationList;
			buildConfigurations = (
				24F7712E2888089D007A7D4F /* Debug */,
				24F7712F2888089D007A7D4F /* Release */,
			);
			defaultConfigurationIsVisible = 0;
			defaultConfigurationName = Release;
		};
/* End XCConfigurationList section */

/* Begin XCRemoteSwiftPackageReference section */
		24F7713828880E31007A7D4F /* XCRemoteSwiftPackageReference "Kingfisher" */ = {
			isa = XCRemoteSwiftPackageReference;
			repositoryURL = "https://github.com/onevcat/Kingfisher.git";
			requirement = {
				kind = upToNextMajorVersion;
				minimumVersion = 7.0.0;
			};
		};
/* End XCRemoteSwiftPackageReference section */

/* Begin XCSwiftPackageProductDependency section */
		24F7713928880E31007A7D4F /* Kingfisher */ = {
			isa = XCSwiftPackageProductDependency;
			package = 24F7713828880E31007A7D4F /* XCRemoteSwiftPackageReference "Kingfisher" */;
			productName = Kingfisher;
		};
/* End XCSwiftPackageProductDependency section */
	};
	rootObject = 24F771112888089B007A7D4F /* Project object */;
}
